
Microsoft Visual Studio Solution File, Format Version 12.00
# Visual Studio Version 16
VisualStudioVersion = 16.0.31424.327
MinimumVisualStudioVersion = 10.0.40219.1
Project("{FAE04EC0-301F-11D3-BF4B-00C04F79EFBC}") = "2048", "2048.csproj", "{F5B73CC7-418F-440E-8CDC-C316C2DE97D0}"
EndProject
Global
	GlobalSection(SolutionConfigurationPlatforms) = preSolution
		Debug|Any CPU = Debug|Any CPU
		Release|Any CPU = Release|Any CPU
	EndGlobalSection
	GlobalSection(ProjectConfigurationPlatforms) = postSolution
		{F5B73CC7-418F-440E-8CDC-C316C2DE97D0}.Debug|Any CPU.ActiveCfg = Debug|Any CPU
		{F5B73CC7-418F-440E-8CDC-C316C2DE97D0}.Debug|Any CPU.Build.0 = Debug|Any CPU
		{F5B73CC7-418F-440E-8CDC-C316C2DE97D0}.Release|Any CPU.ActiveCfg = Release|Any CPU
		{F5B73CC7-418F-440E-8CDC-C316C2DE97D0}.Release|Any CPU.Build.0 = Release|Any CPU
	EndGlobalSection
	GlobalSection(SolutionProperties) = preSolution
		HideSolutionNode = FALSE
	EndGlobalSection
	GlobalSection(ExtensibilityGlobals) = postSolution
		SolutionGuid = {61C182F9-6124-4632-A710-F28F170C1E64}
	EndGlobalSection
EndGlobal
